
Microsoft Visual Studio Solution File, Format Version 12.00
Project("{FAE04EC0-301F-11D3-BF4B-00C04F79EFBC}") = "SBL.Api", "src\SBL.Api\SBL.Api.csproj", "{A71DE39D-0576-407A-A413-ED1AE5F5B8FC}"
EndProject
Project("{FAE04EC0-301F-11D3-BF4B-00C04F79EFBC}") = "SBL.Infrastructure", "src\SBL.Infrastructure\SBL.Infrastructure.csproj", "{2E6CAD94-2263-42F2-905B-60BC489F1148}"
EndProject
Project("{FAE04EC0-301F-11D3-BF4B-00C04F79EFBC}") = "SBL.Services", "src\SBL.Services\SBL.Services.csproj", "{957B8548-DD43-4289-A9E8-6B5B948AFFC9}"
EndProject
Project("{FAE04EC0-301F-11D3-BF4B-00C04F79EFBC}") = "SBL.Domain", "src\SBL.Domain\SBL.Domain.csproj", "{9EFBA9BB-F0AE-4AE7-8E2D-8CAA4893DE84}"
EndProject
Project("{2150E333-8FDC-42A3-9474-1A3956D46DE8}") = "src", "src", "{85CFB354-6236-4CD9-BB85-5B8A9FDF4EF2}"
EndProject
Project("{2150E333-8FDC-42A3-9474-1A3956D46DE8}") = "test", "test", "{50ECAA0D-FC9F-4F47-A588-6FB09A594C8B}"
EndProject
Global
	GlobalSection(SolutionConfigurationPlatforms) = preSolution
		Debug|Any CPU = Debug|Any CPU
		Release|Any CPU = Release|Any CPU
	EndGlobalSection
	GlobalSection(ProjectConfigurationPlatforms) = postSolution
		{A71DE39D-0576-407A-A413-ED1AE5F5B8FC}.Debug|Any CPU.ActiveCfg = Debug|Any CPU
		{A71DE39D-0576-407A-A413-ED1AE5F5B8FC}.Debug|Any CPU.Build.0 = Debug|Any CPU
		{A71DE39D-0576-407A-A413-ED1AE5F5B8FC}.Release|Any CPU.ActiveCfg = Release|Any CPU
		{A71DE39D-0576-407A-A413-ED1AE5F5B8FC}.Release|Any CPU.Build.0 = Release|Any CPU
		{2E6CAD94-2263-42F2-905B-60BC489F1148}.Debug|Any CPU.ActiveCfg = Debug|Any CPU
		{2E6CAD94-2263-42F2-905B-60BC489F1148}.Debug|Any CPU.Build.0 = Debug|Any CPU
		{2E6CAD94-2263-42F2-905B-60BC489F1148}.Release|Any CPU.ActiveCfg = Release|Any CPU
		{2E6CAD94-2263-42F2-905B-60BC489F1148}.Release|Any CPU.Build.0 = Release|Any CPU
		{957B8548-DD43-4289-A9E8-6B5B948AFFC9}.Debug|Any CPU.ActiveCfg = Debug|Any CPU
		{957B8548-DD43-4289-A9E8-6B5B948AFFC9}.Debug|Any CPU.Build.0 = Debug|Any CPU
		{957B8548-DD43-4289-A9E8-6B5B948AFFC9}.Release|Any CPU.ActiveCfg = Release|Any CPU
		{957B8548-DD43-4289-A9E8-6B5B948AFFC9}.Release|Any CPU.Build.0 = Release|Any CPU
		{9EFBA9BB-F0AE-4AE7-8E2D-8CAA4893DE84}.Debug|Any CPU.ActiveCfg = Debug|Any CPU
		{9EFBA9BB-F0AE-4AE7-8E2D-8CAA4893DE84}.Debug|Any CPU.Build.0 = Debug|Any CPU
		{9EFBA9BB-F0AE-4AE7-8E2D-8CAA4893DE84}.Release|Any CPU.ActiveCfg = Release|Any CPU
		{9EFBA9BB-F0AE-4AE7-8E2D-8CAA4893DE84}.Release|Any CPU.Build.0 = Release|Any CPU
	EndGlobalSection
	GlobalSection(NestedProjects) = preSolution
		{A71DE39D-0576-407A-A413-ED1AE5F5B8FC} = {85CFB354-6236-4CD9-BB85-5B8A9FDF4EF2}
		{9EFBA9BB-F0AE-4AE7-8E2D-8CAA4893DE84} = {85CFB354-6236-4CD9-BB85-5B8A9FDF4EF2}
		{2E6CAD94-2263-42F2-905B-60BC489F1148} = {85CFB354-6236-4CD9-BB85-5B8A9FDF4EF2}
		{957B8548-DD43-4289-A9E8-6B5B948AFFC9} = {85CFB354-6236-4CD9-BB85-5B8A9FDF4EF2}
		{11445B9B-EAB9-4148-9866-755BBDEE07D3} = {50ECAA0D-FC9F-4F47-A588-6FB09A594C8B}
	EndGlobalSection
EndGlobal
